
Microsoft Visual Studio Solution File, Format Version 12.00
# Visual Studio Version 16
VisualStudioVersion = 16.0.30804.86
MinimumVisualStudioVersion = 10.0.40219.1
Project("{9A19103F-16F7-4668-BE54-9A1E7A4F7556}") = "WithSalt.Cap.Publisher", "WithSalt.Cap.Publisher\WithSalt.Cap.Publisher.csproj", "{D808181F-FDF6-46B9-A87C-35249C9B0B1B}"
EndProject
Project("{FAE04EC0-301F-11D3-BF4B-00C04F79EFBC}") = "WithSalt.Cap.Subscriber", "WithSalt.Cap.Subscriber\WithSalt.Cap.Subscriber.csproj", "{6C36C381-5F11-4F93-B8C2-05DBCBDD3855}"
EndProject
Global
	GlobalSection(SolutionConfigurationPlatforms) = preSolution
		Debug|Any CPU = Debug|Any CPU
		Release|Any CPU = Release|Any CPU
	EndGlobalSection
	GlobalSection(ProjectConfigurationPlatforms) = postSolution
		{D808181F-FDF6-46B9-A87C-35249C9B0B1B}.Debug|Any CPU.ActiveCfg = Debug|Any CPU
		{D808181F-FDF6-46B9-A87C-35249C9B0B1B}.Debug|Any CPU.Build.0 = Debug|Any CPU
		{D808181F-FDF6-46B9-A87C-35249C9B0B1B}.Release|Any CPU.ActiveCfg = Release|Any CPU
		{D808181F-FDF6-46B9-A87C-35249C9B0B1B}.Release|Any CPU.Build.0 = Release|Any CPU
		{6C36C381-5F11-4F93-B8C2-05DBCBDD3855}.Debug|Any CPU.ActiveCfg = Debug|Any CPU
		{6C36C381-5F11-4F93-B8C2-05DBCBDD3855}.Debug|Any CPU.Build.0 = Debug|Any CPU
		{6C36C381-5F11-4F93-B8C2-05DBCBDD3855}.Release|Any CPU.ActiveCfg = Release|Any CPU
		{6C36C381-5F11-4F93-B8C2-05DBCBDD3855}.Release|Any CPU.Build.0 = Release|Any CPU
	EndGlobalSection
	GlobalSection(SolutionProperties) = preSolution
		HideSolutionNode = FALSE
	EndGlobalSection
	GlobalSection(ExtensibilityGlobals) = postSolution
		SolutionGuid = {06599AA1-C53D-4056-BD02-FC578A826AA7}
	EndGlobalSection
EndGlobal
